
Microsoft Visual Studio Solution File, Format Version 12.00
# Visual Studio Version 17
VisualStudioVersion = 17.2.32616.157
MinimumVisualStudioVersion = 10.0.40219.1
Project("{8BC9CEB8-8B4A-11D0-8D11-00A0C91BC942}") = "MFCApplication", "MFCApplication\MFCApplication.vcxproj", "{951F282D-F9EE-4B9C-8799-55FFEC0654E5}"
	ProjectSection(ProjectDependencies) = postProject
		{09E5FA0A-7099-4ABE-9657-BD9667BB1EE9} = {09E5FA0A-7099-4ABE-9657-BD9667BB1EE9}
		{46DF96A6-98DD-44B4-8C9A-5B987F5CC225} = {46DF96A6-98DD-44B4-8C9A-5B987F5CC225}
	EndProjectSection
EndProject
Project("{FAE04EC0-301F-11D3-BF4B-00C04F79EFBC}") = "WpfLibrary", "WpfLibrary\WpfLibrary.csproj", "{46DF96A6-98DD-44B4-8C9A-5B987F5CC225}"
EndProject
Project("{8BC9CEB8-8B4A-11D0-8D11-00A0C91BC942}") = "InterfaceBridge", "InterfaceBridge\InterfaceBridge.vcxproj", "{09E5FA0A-7099-4ABE-9657-BD9667BB1EE9}"
EndProject
Global
	GlobalSection(SolutionConfigurationPlatforms) = preSolution
		Debug|Any CPU = Debug|Any CPU
		Debug|x64 = Debug|x64
		Debug|x86 = Debug|x86
		Release|Any CPU = Release|Any CPU
		Release|x64 = Release|x64
		Release|x86 = Release|x86
	EndGlobalSection
	GlobalSection(ProjectConfigurationPlatforms) = postSolution
		{951F282D-F9EE-4B9C-8799-55FFEC0654E5}.Debug|Any CPU.ActiveCfg = Debug|x64
		{951F282D-F9EE-4B9C-8799-55FFEC0654E5}.Debug|Any CPU.Build.0 = Debug|x64
		{951F282D-F9EE-4B9C-8799-55FFEC0654E5}.Debug|x64.ActiveCfg = Debug|x64
		{951F282D-F9EE-4B9C-8799-55FFEC0654E5}.Debug|x64.Build.0 = Debug|x64
		{951F282D-F9EE-4B9C-8799-55FFEC0654E5}.Debug|x86.ActiveCfg = Debug|Win32
		{951F282D-F9EE-4B9C-8799-55FFEC0654E5}.Debug|x86.Build.0 = Debug|Win32
		{951F282D-F9EE-4B9C-8799-55FFEC0654E5}.Release|Any CPU.ActiveCfg = Release|x64
		{951F282D-F9EE-4B9C-8799-55FFEC0654E5}.Release|Any CPU.Build.0 = Release|x64
		{951F282D-F9EE-4B9C-8799-55FFEC0654E5}.Release|x64.ActiveCfg = Release|x64
		{951F282D-F9EE-4B9C-8799-55FFEC0654E5}.Release|x64.Build.0 = Release|x64
		{951F282D-F9EE-4B9C-8799-55FFEC0654E5}.Release|x86.ActiveCfg = Release|Win32
		{951F282D-F9EE-4B9C-8799-55FFEC0654E5}.Release|x86.Build.0 = Release|Win32
		{46DF96A6-98DD-44B4-8C9A-5B987F5CC225}.Debug|Any CPU.ActiveCfg = Debug|Any CPU
		{46DF96A6-98DD-44B4-8C9A-5B987F5CC225}.Debug|Any CPU.Build.0 = Debug|Any CPU
		{46DF96A6-98DD-44B4-8C9A-5B987F5CC225}.Debug|x64.ActiveCfg = Debug|Any CPU
		{46DF96A6-98DD-44B4-8C9A-5B987F5CC225}.Debug|x64.Build.0 = Debug|Any CPU
		{46DF96A6-98DD-44B4-8C9A-5B987F5CC225}.Debug|x86.ActiveCfg = Debug|Any CPU
		{46DF96A6-98DD-44B4-8C9A-5B987F5CC225}.Debug|x86.Build.0 = Debug|Any CPU
		{46DF96A6-98DD-44B4-8C9A-5B987F5CC225}.Release|Any CPU.ActiveCfg = Release|Any CPU
		{46DF96A6-98DD-44B4-8C9A-5B987F5CC225}.Release|Any CPU.Build.0 = Release|Any CPU
		{46DF96A6-98DD-44B4-8C9A-5B987F5CC225}.Release|x64.ActiveCfg = Release|Any CPU
		{46DF96A6-98DD-44B4-8C9A-5B987F5CC225}.Release|x64.Build.0 = Release|Any CPU
		{46DF96A6-98DD-44B4-8C9A-5B987F5CC225}.Release|x86.ActiveCfg = Release|Any CPU
		{46DF96A6-98DD-44B4-8C9A-5B987F5CC225}.Release|x86.Build.0 = Release|Any CPU
		{09E5FA0A-7099-4ABE-9657-BD9667BB1EE9}.Debug|Any CPU.ActiveCfg = Debug|x64
		{09E5FA0A-7099-4ABE-9657-BD9667BB1EE9}.Debug|Any CPU.Build.0 = Debug|x64
		{09E5FA0A-7099-4ABE-9657-BD9667BB1EE9}.Debug|x64.ActiveCfg = Debug|x64
		{09E5FA0A-7099-4ABE-9657-BD9667BB1EE9}.Debug|x64.Build.0 = Debug|x64
		{09E5FA0A-7099-4ABE-9657-BD9667BB1EE9}.Debug|x86.ActiveCfg = Debug|Win32
		{09E5FA0A-7099-4ABE-9657-BD9667BB1EE9}.Debug|x86.Build.0 = Debug|Win32
		{09E5FA0A-7099-4ABE-9657-BD9667BB1EE9}.Release|Any CPU.ActiveCfg = Release|x64
		{09E5FA0A-7099-4ABE-9657-BD9667BB1EE9}.Release|Any CPU.Build.0 = Release|x64
		{09E5FA0A-7099-4ABE-9657-BD9667BB1EE9}.Release|x64.ActiveCfg = Release|x64
		{09E5FA0A-7099-4ABE-9657-BD9667BB1EE9}.Release|x64.Build.0 = Release|x64
		{09E5FA0A-7099-4ABE-9657-BD9667BB1EE9}.Release|x86.ActiveCfg = Release|Win32
		{09E5FA0A-7099-4ABE-9657-BD9667BB1EE9}.Release|x86.Build.0 = Release|Win32
	EndGlobalSection
	GlobalSection(SolutionProperties) = preSolution
		HideSolutionNode = FALSE
	EndGlobalSection
	GlobalSection(ExtensibilityGlobals) = postSolution
		SolutionGuid = {77EA9E82-ABC6-4FF3-91E2-047CD7F3499A}
	EndGlobalSection
EndGlobal
